Microsoft Visual Studio Solution File, Format Version 12.00
# Visual Studio Version 17
VisualStudioVersion = 17.5.2.0
MinimumVisualStudioVersion = 10.0.40219.1
Project("{FAE04EC0-301F-11D3-BF4B-00C04F79EFBC}") = "ELImGui", "ELImGui.csproj", "{E9A24DE3-FDAD-702E-025E-0C1F1D4673E5}"
EndProject
Global
	GlobalSection(SolutionConfigurationPlatforms) = preSolution
		Debug|Any CPU = Debug|Any CPU
		Release|Any CPU = Release|Any CPU
	EndGlobalSection
	GlobalSection(ProjectConfigurationPlatforms) = postSolution
		{E9A24DE3-FDAD-702E-025E-0C1F1D4673E5}.Debug|Any CPU.ActiveCfg = Debug|Any CPU
		{E9A24DE3-FDAD-702E-025E-0C1F1D4673E5}.Debug|Any CPU.Build.0 = Debug|Any CPU
		{E9A24DE3-FDAD-702E-025E-0C1F1D4673E5}.Release|Any CPU.ActiveCfg = Release|Any CPU
		{E9A24DE3-FDAD-702E-025E-0C1F1D4673E5}.Release|Any CPU.Build.0 = Release|Any CPU
	EndGlobalSection
	GlobalSection(SolutionProperties) = preSolution
		HideSolutionNode = FALSE
	EndGlobalSection
	GlobalSection(ExtensibilityGlobals) = postSolution
		SolutionGuid = {5078EAF3-A461-4379-9AEC-A6B967B43C07}
	EndGlobalSection
EndGlobal
